
Microsoft Visual Studio Solution File, Format Version 12.00
# Visual Studio Version 17
VisualStudioVersion = 17.11.35219.272
MinimumVisualStudioVersion = 10.0.40219.1
Project("{FAE04EC0-301F-11D3-BF4B-00C04F79EFBC}") = "GestionColegios", "GestionColegios\GestionColegios.csproj", "{8791AC1F-E477-4DED-BDCA-499C3C60AB8B}"
EndProject
Global
	GlobalSection(SolutionConfigurationPlatforms) = preSolution
		Debug|Any CPU = Debug|Any CPU
		Release|Any CPU = Release|Any CPU
	EndGlobalSection
	GlobalSection(ProjectConfigurationPlatforms) = postSolution
		{8791AC1F-E477-4DED-BDCA-499C3C60AB8B}.Debug|Any CPU.ActiveCfg = Debug|Any CPU
		{8791AC1F-E477-4DED-BDCA-499C3C60AB8B}.Debug|Any CPU.Build.0 = Debug|Any CPU
		{8791AC1F-E477-4DED-BDCA-499C3C60AB8B}.Release|Any CPU.ActiveCfg = Release|Any CPU
		{8791AC1F-E477-4DED-BDCA-499C3C60AB8B}.Release|Any CPU.Build.0 = Release|Any CPU
	EndGlobalSection
	GlobalSection(SolutionProperties) = preSolution
		HideSolutionNode = FALSE
	EndGlobalSection
	GlobalSection(ExtensibilityGlobals) = postSolution
		SolutionGuid = {8C5F1172-D86C-43ED-BA1E-56BAD993BF05}
	EndGlobalSection
EndGlobal
